
Microsoft Visual Studio Solution File, Format Version 12.00
# Visual Studio 15
VisualStudioVersion = 15.0.27428.2015
MinimumVisualStudioVersion = 10.0.40219.1
Project("{FAE04EC0-301F-11D3-BF4B-00C04F79EFBC}") = "Stage", "Stage\Stage.csproj", "{514AD8CF-929E-48C7-B002-094D4DEBAD0D}"
EndProject
Project("{FAE04EC0-301F-11D3-BF4B-00C04F79EFBC}") = "ContosoUniversity", "ContosoUniversity\ContosoUniversity.csproj", "{BC04E751-C8D9-4D4E-B48D-9B0379CFBAF1}"
EndProject
Global
	GlobalSection(SolutionConfigurationPlatforms) = preSolution
		Debug|Any CPU = Debug|Any CPU
		Release|Any CPU = Release|Any CPU
	EndGlobalSection
	GlobalSection(ProjectConfigurationPlatforms) = postSolution
		{514AD8CF-929E-48C7-B002-094D4DEBAD0D}.Debug|Any CPU.ActiveCfg = Debug|Any CPU
		{514AD8CF-929E-48C7-B002-094D4DEBAD0D}.Debug|Any CPU.Build.0 = Debug|Any CPU
		{514AD8CF-929E-48C7-B002-094D4DEBAD0D}.Release|Any CPU.ActiveCfg = Release|Any CPU
		{514AD8CF-929E-48C7-B002-094D4DEBAD0D}.Release|Any CPU.Build.0 = Release|Any CPU
		{BC04E751-C8D9-4D4E-B48D-9B0379CFBAF1}.Debug|Any CPU.ActiveCfg = Debug|Any CPU
		{BC04E751-C8D9-4D4E-B48D-9B0379CFBAF1}.Debug|Any CPU.Build.0 = Debug|Any CPU
		{BC04E751-C8D9-4D4E-B48D-9B0379CFBAF1}.Release|Any CPU.ActiveCfg = Release|Any CPU
		{BC04E751-C8D9-4D4E-B48D-9B0379CFBAF1}.Release|Any CPU.Build.0 = Release|Any CPU
	EndGlobalSection
	GlobalSection(SolutionProperties) = preSolution
		HideSolutionNode = FALSE
	EndGlobalSection
	GlobalSection(ExtensibilityGlobals) = postSolution
		SolutionGuid = {692AE012-85AE-4085-A5AD-FA6BDEDF28CA}
	EndGlobalSection
EndGlobal
